
Microsoft Visual Studio Solution File, Format Version 12.00
# Visual Studio Version 17
VisualStudioVersion = 17.4.33205.214
MinimumVisualStudioVersion = 10.0.40219.1
Project("{FAE04EC0-301F-11D3-BF4B-00C04F79EFBC}") = "MVC_SaravashaApp", "MVC_SaravashaApp.csproj", "{D5F322AA-892F-434E-BD81-4156DCAE4962}"
EndProject
Global
	GlobalSection(SolutionConfigurationPlatforms) = preSolution
		Debug|Any CPU = Debug|Any CPU
		Release|Any CPU = Release|Any CPU
	EndGlobalSection
	GlobalSection(ProjectConfigurationPlatforms) = postSolution
		{D5F322AA-892F-434E-BD81-4156DCAE4962}.Debug|Any CPU.ActiveCfg = Debug|Any CPU
		{D5F322AA-892F-434E-BD81-4156DCAE4962}.Debug|Any CPU.Build.0 = Debug|Any CPU
		{D5F322AA-892F-434E-BD81-4156DCAE4962}.Release|Any CPU.ActiveCfg = Release|Any CPU
		{D5F322AA-892F-434E-BD81-4156DCAE4962}.Release|Any CPU.Build.0 = Release|Any CPU
	EndGlobalSection
	GlobalSection(SolutionProperties) = preSolution
		HideSolutionNode = FALSE
	EndGlobalSection
	GlobalSection(ExtensibilityGlobals) = postSolution
		SolutionGuid = {60E63A3B-3C0E-4696-A74A-B66335B78DA1}
	EndGlobalSection
EndGlobal
